// !$*UTF8*$!
{
	archiveVersion = 1;
	classes = {
	};
	objectVersion = 46;
	objects = {

/* Begin PBXBuildFile section */
		FC814FDC198FDD9C00B82DF9 /* Cocoa.framework in Frameworks */ = {isa = PBXBuildFile; fileRef = FC814FDB198FDD9C00B82DF9 /* Cocoa.framework */; };
		FC814FE6198FDD9C00B82DF9 /* InfoPlist.strings in Resources */ = {isa = PBXBuildFile; fileRef = FC814FE4198FDD9C00B82DF9 /* InfoPlist.strings */; };
		FC814FE8198FDD9C00B82DF9 /* main.m in Sources */ = {isa = PBXBuildFile; fileRef = FC814FE7198FDD9C00B82DF9 /* main.m */; };
		FC814FEC198FDD9C00B82DF9 /* Credits.rtf in Resources */ = {isa = PBXBuildFile; fileRef = FC814FEA198FDD9C00B82DF9 /* Credits.rtf */; };
		FC814FEF198FDD9C00B82DF9 /* POCAppDelegate.m in Sources */ = {isa = PBXBuildFile; fileRef = FC814FEE198FDD9C00B82DF9 /* POCAppDelegate.m */; };
		FC814FF2198FDD9D00B82DF9 /* MainMenu.xib in Resources */ = {isa = PBXBuildFile; fileRef = FC814FF0198FDD9D00B82DF9 /* MainMenu.xib */; };
		FC814FF4198FDD9D00B82DF9 /* Images.xcassets in Resources */ = {isa = PBXBuildFile; fileRef = FC814FF3198FDD9D00B82DF9 /* Images.xcassets */; };
		FC814FFB198FDD9E00B82DF9 /* XCTest.framework in Frameworks */ = {isa = PBXBuildFile; fileRef = FC814FFA198FDD9E00B82DF9 /* XCTest.framework */; };
		FC814FFC198FDD9E00B82DF9 /* Cocoa.framework in Frameworks */ = {isa = PBXBuildFile; fileRef = FC814FDB198FDD9C00B82DF9 /* Cocoa.framework */; };
		FC815004198FDD9E00B82DF9 /* InfoPlist.strings in Resources */ = {isa = PBXBuildFile; fileRef = FC815002198FDD9E00B82DF9 /* InfoPlist.strings */; };
		FC815006198FDD9E00B82DF9 /* POExampleTests.m in Sources */ = {isa = PBXBuildFile; fileRef = FC815005198FDD9E00B82DF9 /* POExampleTests.m */; };
		FC815011198FDE9500B82DF9 /* POExample.plugin in Resources */ = {isa = PBXBuildFile; fileRef = FC815010198FDE9500B82DF9 /* POExample.plugin */; };
/* End PBXBuildFile section */

/* Begin PBXContainerItemProxy section */
		FC814FFD198FDD9E00B82DF9 /* PBXContainerItemProxy */ = {
			isa = PBXContainerItemProxy;
			containerPortal = FC814FD0198FDD9C00B82DF9 /* Project object */;
			proxyType = 1;
			remoteGlobalIDString = FC814FD7198FDD9C00B82DF9;
			remoteInfo = POExample;
		};
/* End PBXContainerItemProxy section */

/* Begin PBXFileReference section */
		FC814FD8198FDD9C00B82DF9 /* POExample.app */ = {isa = PBXFileReference; explicitFileType = wrapper.application; includeInIndex = 0; path = POExample.app; sourceTree = BUILT_PRODUCTS_DIR; };
		FC814FDB198FDD9C00B82DF9 /* Cocoa.framework */ = {isa = PBXFileReference; lastKnownFileType = wrapper.framework; name = Cocoa.framework; path = System/Library/Frameworks/Cocoa.framework; sourceTree = SDKROOT; };
		FC814FDE198FDD9C00B82DF9 /* AppKit.framework */ = {isa = PBXFileReference; lastKnownFileType = wrapper.framework; name = AppKit.framework; path = System/Library/Frameworks/AppKit.framework; sourceTree = SDKROOT; };
		FC814FDF198FDD9C00B82DF9 /* CoreData.framework */ = {isa = PBXFileReference; lastKnownFileType = wrapper.framework; name = CoreData.framework; path = System/Library/Frameworks/CoreData.framework; sourceTree = SDKROOT; };
		FC814FE0198FDD9C00B82DF9 /* Foundation.framework */ = {isa = PBXFileReference; lastKnownFileType = wrapper.framework; name = Foundation.framework; path = System/Library/Frameworks/Foundation.framework; sourceTree = SDKROOT; };
		FC814FE3198FDD9C00B82DF9 /* POExample-Info.plist */ = {isa = PBXFileReference; lastKnownFileType = text.plist.xml; path = "POExample-Info.plist"; sourceTree = "<group>"; };
		FC814FE5198FDD9C00B82DF9 /* en */ = {isa = PBXFileReference; lastKnownFileType = text.plist.strings; name = en; path = en.lproj/InfoPlist.strings; sourceTree = "<group>"; };
		FC814FE7198FDD9C00B82DF9 /* main.m */ = {isa = PBXFileReference; lastKnownFileType = sourcecode.c.objc; path = main.m; sourceTree = "<group>"; };
		FC814FE9198FDD9C00B82DF9 /* POExample-Prefix.pch */ = {isa = PBXFileReference; lastKnownFileType = sourcecode.c.h; path = "POExample-Prefix.pch"; sourceTree = "<group>"; };
		FC814FEB198FDD9C00B82DF9 /* en */ = {isa = PBXFileReference; lastKnownFileType = text.rtf; name = en; path = en.lproj/Credits.rtf; sourceTree = "<group>"; };
		FC814FED198FDD9C00B82DF9 /* POCAppDelegate.h */ = {isa = PBXFileReference; lastKnownFileType = sourcecode.c.h; path = POCAppDelegate.h; sourceTree = "<group>"; };
		FC814FEE198FDD9C00B82DF9 /* POCAppDelegate.m */ = {isa = PBXFileReference; lastKnownFileType = sourcecode.c.objc; path = POCAppDelegate.m; sourceTree = "<group>"; };
		FC814FF1198FDD9D00B82DF9 /* Base */ = {isa = PBXFileReference; lastKnownFileType = file.xib; name = Base; path = Base.lproj/MainMenu.xib; sourceTree = "<group>"; };
		FC814FF3198FDD9D00B82DF9 /* Images.xcassets */ = {isa = PBXFileReference; lastKnownFileType = folder.assetcatalog; path = Images.xcassets; sourceTree = "<group>"; };
		FC814FF9198FDD9E00B82DF9 /* POExampleTests.xctest */ = {isa = PBXFileReference; explicitFileType = wrapper.cfbundle; includeInIndex = 0; path = POExampleTests.xctest; sourceTree = BUILT_PRODUCTS_DIR; };
		FC814FFA198FDD9E00B82DF9 /* XCTest.framework */ = {isa = PBXFileReference; lastKnownFileType = wrapper.framework; name = XCTest.framework; path = Library/Frameworks/XCTest.framework; sourceTree = DEVELOPER_DIR; };
		FC815001198FDD9E00B82DF9 /* POExampleTests-Info.plist */ = {isa = PBXFileReference; lastKnownFileType = text.plist.xml; path = "POExampleTests-Info.plist"; sourceTree = "<group>"; };
		FC815003198FDD9E00B82DF9 /* en */ = {isa = PBXFileReference; lastKnownFileType = text.plist.strings; name = en; path = en.lproj/InfoPlist.strings; sourceTree = "<group>"; };
		FC815005198FDD9E00B82DF9 /* POExampleTests.m */ = {isa = PBXFileReference; lastKnownFileType = sourcecode.c.objc; path = POExampleTests.m; sourceTree = "<group>"; };
		FC81500F198FDE1000B82DF9 /* POExample.h */ = {isa = PBXFileReference; fileEncoding = 4; lastKnownFileType = sourcecode.c.h; path = POExample.h; sourceTree = "<group>"; };
		FC815010198FDE9500B82DF9 /* POExample.plugin */ = {isa = PBXFileReference; lastKnownFileType = wrapper; path = POExample.plugin; sourceTree = SOURCE_ROOT; };
/* End PBXFileReference section */

/* Begin PBXFrameworksBuildPhase section */
		FC814FD5198FDD9C00B82DF9 /* Frameworks */ = {
			isa = PBXFrameworksBuildPhase;
			buildActionMask = 2147483647;
			files = (
				FC814FDC198FDD9C00B82DF9 /* Cocoa.framework in Frameworks */,
			);
			runOnlyForDeploymentPostprocessing = 0;
		};
		FC814FF6198FDD9E00B82DF9 /* Frameworks */ = {
			isa = PBXFrameworksBuildPhase;
			buildActionMask = 2147483647;
			files = (
				FC814FFC198FDD9E00B82DF9 /* Cocoa.framework in Frameworks */,
				FC814FFB198FDD9E00B82DF9 /* XCTest.framework in Frameworks */,
			);
			runOnlyForDeploymentPostprocessing = 0;
		};
/* End PBXFrameworksBuildPhase section */

/* Begin PBXGroup section */
		FC814FCF198FDD9C00B82DF9 = {
			isa = PBXGroup;
			children = (
				FC814FE1198FDD9C00B82DF9 /* POExample */,
				FC814FFF198FDD9E00B82DF9 /* POExampleTests */,
				FC814FDA198FDD9C00B82DF9 /* Frameworks */,
				FC814FD9198FDD9C00B82DF9 /* Products */,
			);
			sourceTree = "<group>";
		};
		FC814FD9198FDD9C00B82DF9 /* Products */ = {
			isa = PBXGroup;
			children = (
				FC814FD8198FDD9C00B82DF9 /* POExample.app */,
				FC814FF9198FDD9E00B82DF9 /* POExampleTests.xctest */,
			);
			name = Products;
			sourceTree = "<group>";
		};
		FC814FDA198FDD9C00B82DF9 /* Frameworks */ = {
			isa = PBXGroup;
			children = (
				FC814FDB198FDD9C00B82DF9 /* Cocoa.framework */,
				FC814FFA198FDD9E00B82DF9 /* XCTest.framework */,
				FC814FDD198FDD9C00B82DF9 /* Other Frameworks */,
			);
			name = Frameworks;
			sourceTree = "<group>";
		};
		FC814FDD198FDD9C00B82DF9 /* Other Frameworks */ = {
			isa = PBXGroup;
			children = (
				FC814FDE198FDD9C00B82DF9 /* AppKit.framework */,
				FC814FDF198FDD9C00B82DF9 /* CoreData.framework */,
				FC814FE0198FDD9C00B82DF9 /* Foundation.framework */,
			);
			name = "Other Frameworks";
			sourceTree = "<group>";
		};
		FC814FE1198FDD9C00B82DF9 /* POExample */ = {
			isa = PBXGroup;
			children = (
				FC815010198FDE9500B82DF9 /* POExample.plugin */,
				FC81500F198FDE1000B82DF9 /* POExample.h */,
				FC814FED198FDD9C00B82DF9 /* POCAppDelegate.h */,
				FC814FEE198FDD9C00B82DF9 /* POCAppDelegate.m */,
				FC814FF0198FDD9D00B82DF9 /* MainMenu.xib */,
				FC814FF3198FDD9D00B82DF9 /* Images.xcassets */,
				FC814FE2198FDD9C00B82DF9 /* Supporting Files */,
			);
			path = POExample;
			sourceTree = "<group>";
		};
		FC814FE2198FDD9C00B82DF9 /* Supporting Files */ = {
			isa = PBXGroup;
			children = (
				FC814FE3198FDD9C00B82DF9 /* POExample-Info.plist */,
				FC814FE4198FDD9C00B82DF9 /* InfoPlist.strings */,
				FC814FE7198FDD9C00B82DF9 /* main.m */,
				FC814FE9198FDD9C00B82DF9 /* POExample-Prefix.pch */,
				FC814FEA198FDD9C00B82DF9 /* Credits.rtf */,
			);
			name = "Supporting Files";
			sourceTree = "<group>";
		};
		FC814FFF198FDD9E00B82DF9 /* POExampleTests */ = {
			isa = PBXGroup;
			children = (
				FC815005198FDD9E00B82DF9 /* POExampleTests.m */,
				FC815000198FDD9E00B82DF9 /* Supporting Files */,
			);
			path = POExampleTests;
			sourceTree = "<group>";
		};
		FC815000198FDD9E00B82DF9 /* Supporting Files */ = {
			isa = PBXGroup;
			children = (
				FC815001198FDD9E00B82DF9 /* POExampleTests-Info.plist */,
				FC815002198FDD9E00B82DF9 /* InfoPlist.strings */,
			);
			name = "Supporting Files";
			sourceTree = "<group>";
		};
/* End PBXGroup section */

/* Begin PBXNativeTarget section */
		FC814FD7198FDD9C00B82DF9 /* POExample */ = {
			isa = PBXNativeTarget;
			buildConfigurationList = FC815009198FDD9F00B82DF9 /* Build configuration list for PBXNativeTarget "POExample" */;
			buildPhases = (
				FC814FD4198FDD9C00B82DF9 /* Sources */,
				FC814FD5198FDD9C00B82DF9 /* Frameworks */,
				FC814FD6198FDD9C00B82DF9 /* Resources */,
			);
			buildRules = (
			);
			dependencies = (
			);
			name = POExample;
			productName = POExample;
			productReference = FC814FD8198FDD9C00B82DF9 /* POExample.app */;
			productType = "com.apple.product-type.application";
		};
		FC814FF8198FDD9E00B82DF9 /* POExampleTests */ = {
			isa = PBXNativeTarget;
			buildConfigurationList = FC81500C198FDD9F00B82DF9 /* Build configuration list for PBXNativeTarget "POExampleTests" */;
			buildPhases = (
				FC814FF5198FDD9E00B82DF9 /* Sources */,
				FC814FF6198FDD9E00B82DF9 /* Frameworks */,
				FC814FF7198FDD9E00B82DF9 /* Resources */,
			);
			buildRules = (
			);
			dependencies = (
				FC814FFE198FDD9E00B82DF9 /* PBXTargetDependency */,
			);
			name = POExampleTests;
			productName = POExampleTests;
			productReference = FC814FF9198FDD9E00B82DF9 /* POExampleTests.xctest */;
			productType = "com.apple.product-type.bundle.unit-test";
		};
/* End PBXNativeTarget section */

/* Begin PBXProject section */
		FC814FD0198FDD9C00B82DF9 /* Project object */ = {
			isa = PBXProject;
			attributes = {
				CLASSPREFIX = POC;
				LastUpgradeCheck = 0510;
				ORGANIZATIONNAME = "Jon Hill";
				TargetAttributes = {
					FC814FF8198FDD9E00B82DF9 = {
						TestTargetID = FC814FD7198FDD9C00B82DF9;
					};
				};
			};
			buildConfigurationList = FC814FD3198FDD9C00B82DF9 /* Build configuration list for PBXProject "POExample" */;
			compatibilityVersion = "Xcode 3.2";
			developmentRegion = English;
			hasScannedForEncodings = 0;
			knownRegions = (
				en,
				Base,
			);
			mainGroup = FC814FCF198FDD9C00B82DF9;
			productRefGroup = FC814FD9198FDD9C00B82DF9 /* Products */;
			projectDirPath = "";
			projectRoot = "";
			targets = (
				FC814FD7198FDD9C00B82DF9 /* POExample */,
				FC814FF8198FDD9E00B82DF9 /* POExampleTests */,
			);
		};
/* End PBXProject section */

/* Begin PBXResourcesBuildPhase section */
		FC814FD6198FDD9C00B82DF9 /* Resources */ = {
			isa = PBXResourcesBuildPhase;
			buildActionMask = 2147483647;
			files = (
				FC814FE6198FDD9C00B82DF9 /* InfoPlist.strings in Resources */,
				FC814FF4198FDD9D00B82DF9 /* Images.xcassets in Resources */,
				FC815011198FDE9500B82DF9 /* POExample.plugin in Resources */,
				FC814FEC198FDD9C00B82DF9 /* Credits.rtf in Resources */,
				FC814FF2198FDD9D00B82DF9 /* MainMenu.xib in Resources */,
			);
			runOnlyForDeploymentPostprocessing = 0;
		};
		FC814FF7198FDD9E00B82DF9 /* Resources */ = {
			isa = PBXResourcesBuildPhase;
			buildActionMask = 2147483647;
			files = (
				FC815004198FDD9E00B82DF9 /* InfoPlist.strings in Resources */,
			);
			runOnlyForDeploymentPostprocessing = 0;
		};
/* End PBXResourcesBuildPhase section */

/* Begin PBXSourcesBuildPhase section */
		FC814FD4198FDD9C00B82DF9 /* Sources */ = {
			isa = PBXSourcesBuildPhase;
			buildActionMask = 2147483647;
			files = (
				FC814FE8198FDD9C00B82DF9 /* main.m in Sources */,
				FC814FEF198FDD9C00B82DF9 /* POCAppDelegate.m in Sources */,
			);
			runOnlyForDeploymentPostprocessing = 0;
		};
		FC814FF5198FDD9E00B82DF9 /* Sources */ = {
			isa = PBXSourcesBuildPhase;
			buildActionMask = 2147483647;
			files = (
				FC815006198FDD9E00B82DF9 /* POExampleTests.m in Sources */,
			);
			runOnlyForDeploymentPostprocessing = 0;
		};
/* End PBXSourcesBuildPhase section */

/* Begin PBXTargetDependency section */
		FC814FFE198FDD9E00B82DF9 /* PBXTargetDependency */ = {
			isa = PBXTargetDependency;
			target = FC814FD7198FDD9C00B82DF9 /* POExample */;
			targetProxy = FC814FFD198FDD9E00B82DF9 /* PBXContainerItemProxy */;
		};
/* End PBXTargetDependency section */

/* Begin PBXVariantGroup section */
		FC814FE4198FDD9C00B82DF9 /* InfoPlist.strings */ = {
			isa = PBXVariantGroup;
			children = (
				FC814FE5198FDD9C00B82DF9 /* en */,
			);
			name = InfoPlist.strings;
			sourceTree = "<group>";
		};
		FC814FEA198FDD9C00B82DF9 /* Credits.rtf */ = {
			isa = PBXVariantGroup;
			children = (
				FC814FEB198FDD9C00B82DF9 /* en */,
			);
			name = Credits.rtf;
			sourceTree = "<group>";
		};
		FC814FF0198FDD9D00B82DF9 /* MainMenu.xib */ = {
			isa = PBXVariantGroup;
			children = (
				FC814FF1198FDD9D00B82DF9 /* Base */,
			);
			name = MainMenu.xib;
			sourceTree = "<group>";
		};
		FC815002198FDD9E00B82DF9 /* InfoPlist.strings */ = {
			isa = PBXVariantGroup;
			children = (
				FC815003198FDD9E00B82DF9 /* en */,
			);
			name = InfoPlist.strings;
			sourceTree = "<group>";
		};
/* End PBXVariantGroup section */

/* Begin XCBuildConfiguration section */
		FC815007198FDD9F00B82DF9 /* Debug */ = {
			isa = XCBuildConfiguration;
			buildSettings = {
				ALWAYS_SEARCH_USER_PATHS = NO;
				CLANG_CXX_LANGUAGE_STANDARD = "gnu++0x";
				CLANG_CXX_LIBRARY = "libc++";
				CLANG_ENABLE_MODULES = YES;
				CLANG_ENABLE_OBJC_ARC = YES;
				CLANG_WARN_BOOL_CONVERSION = YES;
				CLANG_WARN_CONSTANT_CONVERSION = YES;
				CLANG_WARN_DIRECT_OBJC_ISA_USAGE = YES_ERROR;
				CLANG_WARN_EMPTY_BODY = YES;
				CLANG_WARN_ENUM_CONVERSION = YES;
				CLANG_WARN_INT_CONVERSION = YES;
				CLANG_WARN_OBJC_ROOT_CLASS = YES_ERROR;
				CLANG_WARN__DUPLICATE_METHOD_MATCH = YES;
				COPY_PHASE_STRIP = NO;
				GCC_C_LANGUAGE_STANDARD = gnu99;
				GCC_DYNAMIC_NO_PIC = NO;
				GCC_ENABLE_OBJC_EXCEPTIONS = YES;
				GCC_OPTIMIZATION_LEVEL = 0;
				GCC_PREPROCESSOR_DEFINITIONS = (
					"DEBUG=1",
					"$(inherited)",
				);
				GCC_SYMBOLS_PRIVATE_EXTERN = NO;
				GCC_WARN_64_TO_32_BIT_CONVERSION = YES;
				GCC_WARN_ABOUT_RETURN_TYPE = YES_ERROR;
				GCC_WARN_UNDECLARED_SELECTOR = YES;
				GCC_WARN_UNINITIALIZED_AUTOS = YES_AGGRESSIVE;
				GCC_WARN_UNUSED_FUNCTION = YES;
				GCC_WARN_UNUSED_VARIABLE = YES;
				MACOSX_DEPLOYMENT_TARGET = 10.9;
				ONLY_ACTIVE_ARCH = YES;
				SDKROOT = macosx;
			};
			name = Debug;
		};
		FC815008198FDD9F00B82DF9 /* Release */ = {
			isa = XCBuildConfiguration;
			buildSettings = {
				ALWAYS_SEARCH_USER_PATHS = NO;
				CLANG_CXX_LANGUAGE_STANDARD = "gnu++0x";
				CLANG_CXX_LIBRARY = "libc++";
				CLANG_ENABLE_MODULES = YES;
				CLANG_ENABLE_OBJC_ARC = YES;
				CLANG_WARN_BOOL_CONVERSION = YES;
				CLANG_WARN_CONSTANT_CONVERSION = YES;
				CLANG_WARN_DIRECT_OBJC_ISA_USAGE = YES_ERROR;
				CLANG_WARN_EMPTY_BODY = YES;
				CLANG_WARN_ENUM_CONVERSION = YES;
				CLANG_WARN_INT_CONVERSION = YES;
				CLANG_WARN_OBJC_ROOT_CLASS = YES_ERROR;
				CLANG_WARN__DUPLICATE_METHOD_MATCH = YES;
				COPY_PHASE_STRIP = YES;
				DEBUG_INFORMATION_FORMAT = "dwarf-with-dsym";
				ENABLE_NS_ASSERTIONS = NO;
				GCC_C_LANGUAGE_STANDARD = gnu99;
				GCC_ENABLE_OBJC_EXCEPTIONS = YES;
				GCC_WARN_64_TO_32_BIT_CONVERSION = YES;
				GCC_WARN_ABOUT_RETURN_TYPE = YES_ERROR;
				GCC_WARN_UNDECLARED_SELECTOR = YES;
				GCC_WARN_UNINITIALIZED_AUTOS = YES_AGGRESSIVE;
				GCC_WARN_UNUSED_FUNCTION = YES;
				GCC_WARN_UNUSED_VARIABLE = YES;
				MACOSX_DEPLOYMENT_TARGET = 10.9;
				SDKROOT = macosx;
			};
			name = Release;
		};
		FC81500A198FDD9F00B82DF9 /* Debug */ = {
			isa = XCBuildConfiguration;
			buildSettings = {
				ASSETCATALOG_COMPILER_APPICON_NAME = AppIcon;
				COMBINE_HIDPI_IMAGES = YES;
				GCC_PRECOMPILE_PREFIX_HEADER = YES;
				GCC_PREFIX_HEADER = "POExample/POExample-Prefix.pch";
				INFOPLIST_FILE = "POExample/POExample-Info.plist";
				PRODUCT_NAME = "$(TARGET_NAME)";
				WRAPPER_EXTENSION = app;
			};
			name = Debug;
		};
		FC81500B198FDD9F00B82DF9 /* Release */ = {
			isa = XCBuildConfiguration;
			buildSettings = {
				ASSETCATALOG_COMPILER_APPICON_NAME = AppIcon;
				COMBINE_HIDPI_IMAGES = YES;
				GCC_PRECOMPILE_PREFIX_HEADER = YES;
				GCC_PREFIX_HEADER = "POExample/POExample-Prefix.pch";
				INFOPLIST_FILE = "POExample/POExample-Info.plist";
				PRODUCT_NAME = "$(TARGET_NAME)";
				WRAPPER_EXTENSION = app;
			};
			name = Release;
		};
		FC81500D198FDD9F00B82DF9 /* Debug */ = {
			isa = XCBuildConfiguration;
			buildSettings = {
				BUNDLE_LOADER = "$(BUILT_PRODUCTS_DIR)/POExample.app/Contents/MacOS/POExample";
				COMBINE_HIDPI_IMAGES = YES;
				FRAMEWORK_SEARCH_PATHS = (
					"$(DEVELOPER_FRAMEWORKS_DIR)",
					"$(inherited)",
				);
				GCC_PRECOMPILE_PREFIX_HEADER = YES;
				GCC_PREFIX_HEADER = "POExample/POExample-Prefix.pch";
				GCC_PREPROCESSOR_DEFINITIONS = (
					"DEBUG=1",
					"$(inherited)",
				);
				INFOPLIST_FILE = "POExampleTests/POExampleTests-Info.plist";
				PRODUCT_NAME = "$(TARGET_NAME)";
				TEST_HOST = "$(BUNDLE_LOADER)";
				WRAPPER_EXTENSION = xctest;
			};
			name = Debug;
		};
		FC81500E198FDD9F00B82DF9 /* Release */ = {
			isa = XCBuildConfiguration;
			buildSettings = {
				BUNDLE_LOADER = "$(BUILT_PRODUCTS_DIR)/POExample.app/Contents/MacOS/POExample";
				COMBINE_HIDPI_IMAGES = YES;
				FRAMEWORK_SEARCH_PATHS = (
					"$(DEVELOPER_FRAMEWORKS_DIR)",
					"$(inherited)",
				);
				GCC_PRECOMPILE_PREFIX_HEADER = YES;
				GCC_PREFIX_HEADER = "POExample/POExample-Prefix.pch";
				INFOPLIST_FILE = "POExampleTests/POExampleTests-Info.plist";
				PRODUCT_NAME = "$(TARGET_NAME)";
				TEST_HOST = "$(BUNDLE_LOADER)";
				WRAPPER_EXTENSION = xctest;
			};
			name = Release;
		};
/* End XCBuildConfiguration section */

/* Begin XCConfigurationList section */
		FC814FD3198FDD9C00B82DF9 /* Build configuration list for PBXProject "POExample" */ = {
			isa = XCConfigurationList;
			buildConfigurations = (
				FC815007198FDD9F00B82DF9 /* Debug */,
				FC815008198FDD9F00B82DF9 /* Release */,
			);
			defaultConfigurationIsVisible = 0;
			defaultConfigurationName = Release;
		};
		FC815009198FDD9F00B82DF9 /* Build configuration list for PBXNativeTarget "POExample" */ = {
			isa = XCConfigurationList;
			buildConfigurations = (
				FC81500A198FDD9F00B82DF9 /* Debug */,
				FC81500B198FDD9F00B82DF9 /* Release */,
			);
			defaultConfigurationIsVisible = 0;
		};
		FC81500C198FDD9F00B82DF9 /* Build configuration list for PBXNativeTarget "POExampleTests" */ = {
			isa = XCConfigurationList;
			buildConfigurations = (
				FC81500D198FDD9F00B82DF9 /* Debug */,
				FC81500E198FDD9F00B82DF9 /* Release */,
			);
			defaultConfigurationIsVisible = 0;
		};
/* End XCConfigurationList section */
	};
	rootObject = FC814FD0198FDD9C00B82DF9 /* Project object */;
}
